
Microsoft Visual Studio Solution File, Format Version 12.00
# Visual Studio 15
VisualStudioVersion = 15.0.28307.106
MinimumVisualStudioVersion = 10.0.40219.1
Project("{FAE04EC0-301F-11D3-BF4B-00C04F79EFBC}") = "TaxiFareCalculator", "TaxiFareCalculator\TaxiFareCalculator.csproj", "{C0105452-3917-4625-9802-34A8E401234F}"
EndProject
Project("{9A19103F-16F7-4668-BE54-9A1E7A4F7556}") = "TaxiFareCalculatorTest", "TaxiFareCalculatorTest\TaxiFareCalculatorTest.csproj", "{2833B874-3C15-42C1-BC3E-28077CA92BAB}"
EndProject
Global
	GlobalSection(SolutionConfigurationPlatforms) = preSolution
		Debug|Any CPU = Debug|Any CPU
		Release|Any CPU = Release|Any CPU
	EndGlobalSection
	GlobalSection(ProjectConfigurationPlatforms) = postSolution
		{C0105452-3917-4625-9802-34A8E401234F}.Debug|Any CPU.ActiveCfg = Debug|Any CPU
		{C0105452-3917-4625-9802-34A8E401234F}.Debug|Any CPU.Build.0 = Debug|Any CPU
		{C0105452-3917-4625-9802-34A8E401234F}.Release|Any CPU.ActiveCfg = Release|Any CPU
		{C0105452-3917-4625-9802-34A8E401234F}.Release|Any CPU.Build.0 = Release|Any CPU
		{2833B874-3C15-42C1-BC3E-28077CA92BAB}.Debug|Any CPU.ActiveCfg = Debug|Any CPU
		{2833B874-3C15-42C1-BC3E-28077CA92BAB}.Debug|Any CPU.Build.0 = Debug|Any CPU
		{2833B874-3C15-42C1-BC3E-28077CA92BAB}.Release|Any CPU.ActiveCfg = Release|Any CPU
		{2833B874-3C15-42C1-BC3E-28077CA92BAB}.Release|Any CPU.Build.0 = Release|Any CPU
	EndGlobalSection
	GlobalSection(SolutionProperties) = preSolution
		HideSolutionNode = FALSE
	EndGlobalSection
	GlobalSection(ExtensibilityGlobals) = postSolution
		SolutionGuid = {20A5CA2E-C8D2-4FFA-9BB5-79A024C0AB1D}
	EndGlobalSection
EndGlobal
